// !$*UTF8*$!
{
	archiveVersion = 1;
	classes = {
	};
	objectVersion = 46;
	objects = {

/* Begin PBXBuildFile section */
		2B86557D1B62FF8C009EFDA7 /* Icon.xcassets in Resources */ = {isa = PBXBuildFile; fileRef = 2B86557C1B62FF8C009EFDA7 /* Icon.xcassets */; };
		2B86558C1B6307C9009EFDA7 /* AppDelegate.swift in Sources */ = {isa = PBXBuildFile; fileRef = 2B8655841B6307C9009EFDA7 /* AppDelegate.swift */; };
		2B86558D1B6307C9009EFDA7 /* DiskIndicator.swift in Sources */ = {isa = PBXBuildFile; fileRef = 2B8655851B6307C9009EFDA7 /* DiskIndicator.swift */; };
		2B86558E1B6307C9009EFDA7 /* HelpfullFunctions.swift in Sources */ = {isa = PBXBuildFile; fileRef = 2B8655861B6307C9009EFDA7 /* HelpfullFunctions.swift */; };
		2B86558F1B6307C9009EFDA7 /* Info.plist in Resources */ = {isa = PBXBuildFile; fileRef = 2B8655871B6307C9009EFDA7 /* Info.plist */; };
		2B8655901B6307C9009EFDA7 /* MemoryIndicator.swift in Sources */ = {isa = PBXBuildFile; fileRef = 2B8655881B6307C9009EFDA7 /* MemoryIndicator.swift */; };
		2B8655911B6307C9009EFDA7 /* MenuBarItem.swift in Sources */ = {isa = PBXBuildFile; fileRef = 2B8655891B6307C9009EFDA7 /* MenuBarItem.swift */; };
		2B8655921B6307C9009EFDA7 /* NetworkIndicator.swift in Sources */ = {isa = PBXBuildFile; fileRef = 2B86558A1B6307C9009EFDA7 /* NetworkIndicator.swift */; };
		2B8655931B6307C9009EFDA7 /* ProcessorIndicator.swift in Sources */ = {isa = PBXBuildFile; fileRef = 2B86558B1B6307C9009EFDA7 /* ProcessorIndicator.swift */; };
		2B8655961B6308A9009EFDA7 /* MainMenu.xib in Resources */ = {isa = PBXBuildFile; fileRef = 2B8655941B6308A9009EFDA7 /* MainMenu.xib */; };
		2BAE883F1B6511C700F1F681 /* cppFunctions.cpp in Sources */ = {isa = PBXBuildFile; fileRef = 2BAE883D1B6511C700F1F681 /* cppFunctions.cpp */; };
		2BAE88411B65140600F1F681 /* cppBridge.mm in Sources */ = {isa = PBXBuildFile; fileRef = 2BAE88401B65140600F1F681 /* cppBridge.mm */; };
/* End PBXBuildFile section */

/* Begin PBXContainerItemProxy section */
		601FC50719F4BC7400BD8E6B /* PBXContainerItemProxy */ = {
			isa = PBXContainerItemProxy;
			containerPortal = 601FC4EE19F4BC7400BD8E6B /* Project object */;
			proxyType = 1;
			remoteGlobalIDString = 601FC4F519F4BC7400BD8E6B;
			remoteInfo = MenubarApp;
		};
/* End PBXContainerItemProxy section */

/* Begin PBXFileReference section */
		2B86557C1B62FF8C009EFDA7 /* Icon.xcassets */ = {isa = PBXFileReference; lastKnownFileType = folder.assetcatalog; path = Icon.xcassets; sourceTree = "<group>"; };
		2B8655841B6307C9009EFDA7 /* AppDelegate.swift */ = {isa = PBXFileReference; fileEncoding = 4; lastKnownFileType = sourcecode.swift; name = AppDelegate.swift; path = MacMeters/AppDelegate.swift; sourceTree = "<group>"; };
		2B8655851B6307C9009EFDA7 /* DiskIndicator.swift */ = {isa = PBXFileReference; fileEncoding = 4; lastKnownFileType = sourcecode.swift; name = DiskIndicator.swift; path = MacMeters/DiskIndicator.swift; sourceTree = "<group>"; };
		2B8655861B6307C9009EFDA7 /* HelpfullFunctions.swift */ = {isa = PBXFileReference; fileEncoding = 4; lastKnownFileType = sourcecode.swift; name = HelpfullFunctions.swift; path = MacMeters/HelpfullFunctions.swift; sourceTree = "<group>"; };
		2B8655871B6307C9009EFDA7 /* Info.plist */ = {isa = PBXFileReference; fileEncoding = 4; lastKnownFileType = text.plist.xml; name = Info.plist; path = MacMeters/Info.plist; sourceTree = "<group>"; };
		2B8655881B6307C9009EFDA7 /* MemoryIndicator.swift */ = {isa = PBXFileReference; fileEncoding = 4; lastKnownFileType = sourcecode.swift; name = MemoryIndicator.swift; path = MacMeters/MemoryIndicator.swift; sourceTree = "<group>"; };
		2B8655891B6307C9009EFDA7 /* MenuBarItem.swift */ = {isa = PBXFileReference; fileEncoding = 4; lastKnownFileType = sourcecode.swift; name = MenuBarItem.swift; path = MacMeters/MenuBarItem.swift; sourceTree = "<group>"; };
		2B86558A1B6307C9009EFDA7 /* NetworkIndicator.swift */ = {isa = PBXFileReference; fileEncoding = 4; lastKnownFileType = sourcecode.swift; name = NetworkIndicator.swift; path = MacMeters/NetworkIndicator.swift; sourceTree = "<group>"; };
		2B86558B1B6307C9009EFDA7 /* ProcessorIndicator.swift */ = {isa = PBXFileReference; fileEncoding = 4; lastKnownFileType = sourcecode.swift; name = ProcessorIndicator.swift; path = MacMeters/ProcessorIndicator.swift; sourceTree = "<group>"; };
		2B8655951B6308A9009EFDA7 /* Base */ = {isa = PBXFileReference; lastKnownFileType = file.xib; name = Base; path = MacMeters/Base.lproj/MainMenu.xib; sourceTree = "<group>"; };
		2BAE883D1B6511C700F1F681 /* cppFunctions.cpp */ = {isa = PBXFileReference; fileEncoding = 4; lastKnownFileType = sourcecode.cpp.cpp; name = cppFunctions.cpp; path = MacMeters/cppFunctions.cpp; sourceTree = "<group>"; };
		2BAE883E1B6511C700F1F681 /* cppFunctions.h */ = {isa = PBXFileReference; fileEncoding = 4; lastKnownFileType = sourcecode.c.h; name = cppFunctions.h; path = MacMeters/cppFunctions.h; sourceTree = "<group>"; };
		2BAE88401B65140600F1F681 /* cppBridge.mm */ = {isa = PBXFileReference; explicitFileType = sourcecode.cpp.objcpp; fileEncoding = 4; name = cppBridge.mm; path = /Users/alexandrebrehmer/Desktop/workingon/HomeMadeMenuMeters/MacMeters/cppBridge.mm; sourceTree = "<absolute>"; };
		2BAE88441B65172B00F1F681 /* bridgingHeader.h */ = {isa = PBXFileReference; fileEncoding = 4; lastKnownFileType = sourcecode.c.h; name = bridgingHeader.h; path = MacMeters/bridgingHeader.h; sourceTree = "<group>"; };
		2BAE88451B65174700F1F681 /* cppBridge.h */ = {isa = PBXFileReference; fileEncoding = 4; lastKnownFileType = sourcecode.c.h; name = cppBridge.h; path = MacMeters/cppBridge.h; sourceTree = "<group>"; };
		601FC4F619F4BC7400BD8E6B /* MacMeters.app */ = {isa = PBXFileReference; explicitFileType = wrapper.application; includeInIndex = 0; path = MacMeters.app; sourceTree = BUILT_PRODUCTS_DIR; };
		601FC50619F4BC7400BD8E6B /* MacMetersTests.xctest */ = {isa = PBXFileReference; explicitFileType = wrapper.cfbundle; includeInIndex = 0; path = MacMetersTests.xctest; sourceTree = BUILT_PRODUCTS_DIR; };
/* End PBXFileReference section */

/* Begin PBXFrameworksBuildPhase section */
		601FC4F319F4BC7400BD8E6B /* Frameworks */ = {
			isa = PBXFrameworksBuildPhase;
			buildActionMask = 2147483647;
			files = (
			);
			runOnlyForDeploymentPostprocessing = 0;
		};
		601FC50319F4BC7400BD8E6B /* Frameworks */ = {
			isa = PBXFrameworksBuildPhase;
			buildActionMask = 2147483647;
			files = (
			);
			runOnlyForDeploymentPostprocessing = 0;
		};
/* End PBXFrameworksBuildPhase section */

/* Begin PBXGroup section */
		2B8655971B630976009EFDA7 /* Indicators */ = {
			isa = PBXGroup;
			children = (
				2B8655881B6307C9009EFDA7 /* MemoryIndicator.swift */,
				2B86558A1B6307C9009EFDA7 /* NetworkIndicator.swift */,
				2B86558B1B6307C9009EFDA7 /* ProcessorIndicator.swift */,
				2B8655851B6307C9009EFDA7 /* DiskIndicator.swift */,
			);
			name = Indicators;
			sourceTree = "<group>";
		};
		2BAE88461B651D5300F1F681 /* cpp */ = {
			isa = PBXGroup;
			children = (
				2BAE883D1B6511C700F1F681 /* cppFunctions.cpp */,
				2BAE883E1B6511C700F1F681 /* cppFunctions.h */,
				2BAE88401B65140600F1F681 /* cppBridge.mm */,
				2BAE88451B65174700F1F681 /* cppBridge.h */,
				2BAE88441B65172B00F1F681 /* bridgingHeader.h */,
			);
			name = cpp;
			sourceTree = "<group>";
		};
		601FC4ED19F4BC7400BD8E6B = {
			isa = PBXGroup;
			children = (
				2BAE88461B651D5300F1F681 /* cpp */,
				2B8655841B6307C9009EFDA7 /* AppDelegate.swift */,
				2B8655891B6307C9009EFDA7 /* MenuBarItem.swift */,
				2B8655861B6307C9009EFDA7 /* HelpfullFunctions.swift */,
				2B8655971B630976009EFDA7 /* Indicators */,
				2B8655941B6308A9009EFDA7 /* MainMenu.xib */,
				2B8655871B6307C9009EFDA7 /* Info.plist */,
				2B86557C1B62FF8C009EFDA7 /* Icon.xcassets */,
				601FC4F719F4BC7400BD8E6B /* Products */,
			);
			sourceTree = "<group>";
		};
		601FC4F719F4BC7400BD8E6B /* Products */ = {
			isa = PBXGroup;
			children = (
				601FC4F619F4BC7400BD8E6B /* MacMeters.app */,
				601FC50619F4BC7400BD8E6B /* MacMetersTests.xctest */,
			);
			name = Products;
			sourceTree = "<group>";
		};
/* End PBXGroup section */

/* Begin PBXNativeTarget section */
		601FC4F519F4BC7400BD8E6B /* MacMeters */ = {
			isa = PBXNativeTarget;
			buildConfigurationList = 601FC51019F4BC7400BD8E6B /* Build configuration list for PBXNativeTarget "MacMeters" */;
			buildPhases = (
				601FC4F219F4BC7400BD8E6B /* Sources */,
				601FC4F319F4BC7400BD8E6B /* Frameworks */,
				601FC4F419F4BC7400BD8E6B /* Resources */,
			);
			buildRules = (
			);
			dependencies = (
			);
			name = MacMeters;
			productName = MenubarApp;
			productReference = 601FC4F619F4BC7400BD8E6B /* MacMeters.app */;
			productType = "com.apple.product-type.application";
		};
		601FC50519F4BC7400BD8E6B /* MacMetersTests */ = {
			isa = PBXNativeTarget;
			buildConfigurationList = 601FC51319F4BC7400BD8E6B /* Build configuration list for PBXNativeTarget "MacMetersTests" */;
			buildPhases = (
				601FC50219F4BC7400BD8E6B /* Sources */,
				601FC50319F4BC7400BD8E6B /* Frameworks */,
				601FC50419F4BC7400BD8E6B /* Resources */,
			);
			buildRules = (
			);
			dependencies = (
				601FC50819F4BC7400BD8E6B /* PBXTargetDependency */,
			);
			name = MacMetersTests;
			productName = MenubarAppTests;
			productReference = 601FC50619F4BC7400BD8E6B /* MacMetersTests.xctest */;
			productType = "com.apple.product-type.bundle.unit-test";
		};
/* End PBXNativeTarget section */

/* Begin PBXProject section */
		601FC4EE19F4BC7400BD8E6B /* Project object */ = {
			isa = PBXProject;
			attributes = {
				LastUpgradeCheck = 0610;
				ORGANIZATIONNAME = "Alexandre Brehmer";
				TargetAttributes = {
					601FC4F519F4BC7400BD8E6B = {
						CreatedOnToolsVersion = 6.1;
					};
					601FC50519F4BC7400BD8E6B = {
						CreatedOnToolsVersion = 6.1;
						TestTargetID = 601FC4F519F4BC7400BD8E6B;
					};
				};
			};
			buildConfigurationList = 601FC4F119F4BC7400BD8E6B /* Build configuration list for PBXProject "MacMeters" */;
			compatibilityVersion = "Xcode 3.2";
			developmentRegion = English;
			hasScannedForEncodings = 0;
			knownRegions = (
				en,
				Base,
			);
			mainGroup = 601FC4ED19F4BC7400BD8E6B;
			productRefGroup = 601FC4F719F4BC7400BD8E6B /* Products */;
			projectDirPath = "";
			projectRoot = "";
			targets = (
				601FC4F519F4BC7400BD8E6B /* MacMeters */,
				601FC50519F4BC7400BD8E6B /* MacMetersTests */,
			);
		};
/* End PBXProject section */

/* Begin PBXResourcesBuildPhase section */
		601FC4F419F4BC7400BD8E6B /* Resources */ = {
			isa = PBXResourcesBuildPhase;
			buildActionMask = 2147483647;
			files = (
				2B86557D1B62FF8C009EFDA7 /* Icon.xcassets in Resources */,
				2B86558F1B6307C9009EFDA7 /* Info.plist in Resources */,
				2B8655961B6308A9009EFDA7 /* MainMenu.xib in Resources */,
			);
			runOnlyForDeploymentPostprocessing = 0;
		};
		601FC50419F4BC7400BD8E6B /* Resources */ = {
			isa = PBXResourcesBuildPhase;
			buildActionMask = 2147483647;
			files = (
			);
			runOnlyForDeploymentPostprocessing = 0;
		};
/* End PBXResourcesBuildPhase section */

/* Begin PBXSourcesBuildPhase section */
		601FC4F219F4BC7400BD8E6B /* Sources */ = {
			isa = PBXSourcesBuildPhase;
			buildActionMask = 2147483647;
			files = (
				2B86558E1B6307C9009EFDA7 /* HelpfullFunctions.swift in Sources */,
				2B8655911B6307C9009EFDA7 /* MenuBarItem.swift in Sources */,
				2B86558D1B6307C9009EFDA7 /* DiskIndicator.swift in Sources */,
				2BAE88411B65140600F1F681 /* cppBridge.mm in Sources */,
				2B8655901B6307C9009EFDA7 /* MemoryIndicator.swift in Sources */,
				2B8655931B6307C9009EFDA7 /* ProcessorIndicator.swift in Sources */,
				2BAE883F1B6511C700F1F681 /* cppFunctions.cpp in Sources */,
				2B8655921B6307C9009EFDA7 /* NetworkIndicator.swift in Sources */,
				2B86558C1B6307C9009EFDA7 /* AppDelegate.swift in Sources */,
			);
			runOnlyForDeploymentPostprocessing = 0;
		};
		601FC50219F4BC7400BD8E6B /* Sources */ = {
			isa = PBXSourcesBuildPhase;
			buildActionMask = 2147483647;
			files = (
			);
			runOnlyForDeploymentPostprocessing = 0;
		};
/* End PBXSourcesBuildPhase section */

/* Begin PBXTargetDependency section */
		601FC50819F4BC7400BD8E6B /* PBXTargetDependency */ = {
			isa = PBXTargetDependency;
			target = 601FC4F519F4BC7400BD8E6B /* MacMeters */;
			targetProxy = 601FC50719F4BC7400BD8E6B /* PBXContainerItemProxy */;
		};
/* End PBXTargetDependency section */

/* Begin PBXVariantGroup section */
		2B8655941B6308A9009EFDA7 /* MainMenu.xib */ = {
			isa = PBXVariantGroup;
			children = (
				2B8655951B6308A9009EFDA7 /* Base */,
			);
			name = MainMenu.xib;
			sourceTree = "<group>";
		};
/* End PBXVariantGroup section */

/* Begin XCBuildConfiguration section */
		601FC50E19F4BC7400BD8E6B /* Debug */ = {
			isa = XCBuildConfiguration;
			buildSettings = {
				ALWAYS_SEARCH_USER_PATHS = NO;
				CLANG_CXX_LANGUAGE_STANDARD = "gnu++0x";
				CLANG_CXX_LIBRARY = "libc++";
				CLANG_ENABLE_MODULES = YES;
				CLANG_ENABLE_OBJC_ARC = YES;
				CLANG_WARN_BOOL_CONVERSION = YES;
				CLANG_WARN_CONSTANT_CONVERSION = YES;
				CLANG_WARN_DIRECT_OBJC_ISA_USAGE = YES_ERROR;
				CLANG_WARN_EMPTY_BODY = YES;
				CLANG_WARN_ENUM_CONVERSION = YES;
				CLANG_WARN_INT_CONVERSION = YES;
				CLANG_WARN_OBJC_ROOT_CLASS = YES_ERROR;
				CLANG_WARN_UNREACHABLE_CODE = YES;
				CLANG_WARN__DUPLICATE_METHOD_MATCH = YES;
				CODE_SIGN_IDENTITY = "-";
				COPY_PHASE_STRIP = NO;
				ENABLE_STRICT_OBJC_MSGSEND = YES;
				GCC_C_LANGUAGE_STANDARD = gnu99;
				GCC_DYNAMIC_NO_PIC = NO;
				GCC_OPTIMIZATION_LEVEL = 0;
				GCC_PREPROCESSOR_DEFINITIONS = (
					"DEBUG=1",
					"$(inherited)",
				);
				GCC_SYMBOLS_PRIVATE_EXTERN = NO;
				GCC_WARN_64_TO_32_BIT_CONVERSION = YES;
				GCC_WARN_ABOUT_RETURN_TYPE = YES_ERROR;
				GCC_WARN_UNDECLARED_SELECTOR = YES;
				GCC_WARN_UNINITIALIZED_AUTOS = YES_AGGRESSIVE;
				GCC_WARN_UNUSED_FUNCTION = YES;
				GCC_WARN_UNUSED_VARIABLE = YES;
				MACOSX_DEPLOYMENT_TARGET = 10.10;
				MTL_ENABLE_DEBUG_INFO = YES;
				ONLY_ACTIVE_ARCH = YES;
				SDKROOT = macosx;
				SWIFT_OPTIMIZATION_LEVEL = "-Onone";
			};
			name = Debug;
		};
		601FC50F19F4BC7400BD8E6B /* Release */ = {
			isa = XCBuildConfiguration;
			buildSettings = {
				ALWAYS_SEARCH_USER_PATHS = NO;
				CLANG_CXX_LANGUAGE_STANDARD = "gnu++0x";
				CLANG_CXX_LIBRARY = "libc++";
				CLANG_ENABLE_MODULES = YES;
				CLANG_ENABLE_OBJC_ARC = YES;
				CLANG_WARN_BOOL_CONVERSION = YES;
				CLANG_WARN_CONSTANT_CONVERSION = YES;
				CLANG_WARN_DIRECT_OBJC_ISA_USAGE = YES_ERROR;
				CLANG_WARN_EMPTY_BODY = YES;
				CLANG_WARN_ENUM_CONVERSION = YES;
				CLANG_WARN_INT_CONVERSION = YES;
				CLANG_WARN_OBJC_ROOT_CLASS = YES_ERROR;
				CLANG_WARN_UNREACHABLE_CODE = YES;
				CLANG_WARN__DUPLICATE_METHOD_MATCH = YES;
				CODE_SIGN_IDENTITY = "-";
				COPY_PHASE_STRIP = YES;
				DEBUG_INFORMATION_FORMAT = "dwarf-with-dsym";
				ENABLE_NS_ASSERTIONS = NO;
				ENABLE_STRICT_OBJC_MSGSEND = YES;
				GCC_C_LANGUAGE_STANDARD = gnu99;
				GCC_WARN_64_TO_32_BIT_CONVERSION = YES;
				GCC_WARN_ABOUT_RETURN_TYPE = YES_ERROR;
				GCC_WARN_UNDECLARED_SELECTOR = YES;
				GCC_WARN_UNINITIALIZED_AUTOS = YES_AGGRESSIVE;
				GCC_WARN_UNUSED_FUNCTION = YES;
				GCC_WARN_UNUSED_VARIABLE = YES;
				MACOSX_DEPLOYMENT_TARGET = 10.10;
				MTL_ENABLE_DEBUG_INFO = NO;
				SDKROOT = macosx;
			};
			name = Release;
		};
		601FC51119F4BC7400BD8E6B /* Debug */ = {
			isa = XCBuildConfiguration;
			buildSettings = {
				ASSETCATALOG_COMPILER_APPICON_NAME = AppIcon;
				COMBINE_HIDPI_IMAGES = YES;
				INFOPLIST_FILE = "$(SRCROOT)/MacMeters/Info.plist";
				LD_RUNPATH_SEARCH_PATHS = "$(inherited) @executable_path/../Frameworks";
				PRODUCT_NAME = MacMeters;
				SWIFT_OBJC_BRIDGING_HEADER = /Users/alexandrebrehmer/Desktop/workingon/HomeMadeMenuMeters/MacMeters/bridgingHeader.h;
			};
			name = Debug;
		};
		601FC51219F4BC7400BD8E6B /* Release */ = {
			isa = XCBuildConfiguration;
			buildSettings = {
				ASSETCATALOG_COMPILER_APPICON_NAME = AppIcon;
				COMBINE_HIDPI_IMAGES = YES;
				INFOPLIST_FILE = "$(SRCROOT)/MacMeters/Info.plist";
				LD_RUNPATH_SEARCH_PATHS = "$(inherited) @executable_path/../Frameworks";
				PRODUCT_NAME = MacMeters;
				SWIFT_OBJC_BRIDGING_HEADER = /Users/alexandrebrehmer/Desktop/workingon/HomeMadeMenuMeters/MacMeters/bridgingHeader.h;
			};
			name = Release;
		};
		601FC51419F4BC7400BD8E6B /* Debug */ = {
			isa = XCBuildConfiguration;
			buildSettings = {
				BUNDLE_LOADER = "$(TEST_HOST)";
				COMBINE_HIDPI_IMAGES = YES;
				FRAMEWORK_SEARCH_PATHS = (
					"$(DEVELOPER_FRAMEWORKS_DIR)",
					"$(inherited)",
				);
				GCC_PREPROCESSOR_DEFINITIONS = (
					"DEBUG=1",
					"$(inherited)",
				);
				INFOPLIST_FILE = MacMetersAppTests/Info.plist;
				LD_RUNPATH_SEARCH_PATHS = "$(inherited) @executable_path/../Frameworks @loader_path/../Frameworks";
				PRODUCT_NAME = MacMetersTests;
				TEST_HOST = "$(BUILT_PRODUCTS_DIR)/MacMeters.app/Contents/MacOS/MacMeters";
			};
			name = Debug;
		};
		601FC51519F4BC7400BD8E6B /* Release */ = {
			isa = XCBuildConfiguration;
			buildSettings = {
				BUNDLE_LOADER = "$(TEST_HOST)";
				COMBINE_HIDPI_IMAGES = YES;
				FRAMEWORK_SEARCH_PATHS = (
					"$(DEVELOPER_FRAMEWORKS_DIR)",
					"$(inherited)",
				);
				INFOPLIST_FILE = MacMetersAppTests/Info.plist;
				LD_RUNPATH_SEARCH_PATHS = "$(inherited) @executable_path/../Frameworks @loader_path/../Frameworks";
				PRODUCT_NAME = MacMetersTests;
				TEST_HOST = "$(BUILT_PRODUCTS_DIR)/MacMeters.app/Contents/MacOS/MacMeters";
			};
			name = Release;
		};
/* End XCBuildConfiguration section */

/* Begin XCConfigurationList section */
		601FC4F119F4BC7400BD8E6B /* Build configuration list for PBXProject "MacMeters" */ = {
			isa = XCConfigurationList;
			buildConfigurations = (
				601FC50E19F4BC7400BD8E6B /* Debug */,
				601FC50F19F4BC7400BD8E6B /* Release */,
			);
			defaultConfigurationIsVisible = 0;
			defaultConfigurationName = Release;
		};
		601FC51019F4BC7400BD8E6B /* Build configuration list for PBXNativeTarget "MacMeters" */ = {
			isa = XCConfigurationList;
			buildConfigurations = (
				601FC51119F4BC7400BD8E6B /* Debug */,
				601FC51219F4BC7400BD8E6B /* Release */,
			);
			defaultConfigurationIsVisible = 0;
			defaultConfigurationName = Release;
		};
		601FC51319F4BC7400BD8E6B /* Build configuration list for PBXNativeTarget "MacMetersTests" */ = {
			isa = XCConfigurationList;
			buildConfigurations = (
				601FC51419F4BC7400BD8E6B /* Debug */,
				601FC51519F4BC7400BD8E6B /* Release */,
			);
			defaultConfigurationIsVisible = 0;
			defaultConfigurationName = Release;
		};
/* End XCConfigurationList section */
	};
	rootObject = 601FC4EE19F4BC7400BD8E6B /* Project object */;
}
